
Microsoft Visual Studio Solution File, Format Version 12.00
# Visual Studio Version 17
VisualStudioVersion = 17.1.32421.90
MinimumVisualStudioVersion = 10.0.40219.1
Project("{9A19103F-16F7-4668-BE54-9A1E7A4F7556}") = "RestfulApiExample", "RestfulApiExample\RestfulApiExample.csproj", "{76648F15-A17A-4A91-B156-E8508F131579}"
EndProject
Project("{9A19103F-16F7-4668-BE54-9A1E7A4F7556}") = "RestfulApiExample.Manager", "RestfulApiExample.Manager\RestfulApiExample.Manager.csproj", "{59005EAD-68AC-4A59-882E-047F4498B8F0}"
EndProject
Project("{9A19103F-16F7-4668-BE54-9A1E7A4F7556}") = "RestfulApiExample.Entities", "RestfulApiExample.Entities\RestfulApiExample.Entities.csproj", "{114F0856-70E4-4EF2-A391-9A69437F76AD}"
EndProject
Project("{9A19103F-16F7-4668-BE54-9A1E7A4F7556}") = "RestfulApiExample.Repository", "RestfulApiExample.Repository\RestfulApiExample.Repository.csproj", "{C43B4916-7FAA-4CE9-8030-F5992795BC99}"
EndProject
Project("{9A19103F-16F7-4668-BE54-9A1E7A4F7556}") = "RestfulApiExample.Common", "RestfulApiExample.Common\RestfulApiExample.Common.csproj", "{5A1BCE20-8596-43A6-8D83-59AB5C9FE241}"
EndProject
Project("{9A19103F-16F7-4668-BE54-9A1E7A4F7556}") = "RestfulApiExample.UnitTests", "RestfulApiExample.UnitTests\RestfulApiExample.UnitTests.csproj", "{BC7E5E75-7DC7-4859-AAFA-C603D009AF42}"
EndProject
Project("{FAE04EC0-301F-11D3-BF4B-00C04F79EFBC}") = "RestfulApiExample.IntegrationTests", "RestfulApiExample.IntegrationTests\RestfulApiExample.IntegrationTests.csproj", "{E3AEC5DD-7FF8-4FB5-977A-9AC65254C440}"
EndProject
Global
	GlobalSection(SolutionConfigurationPlatforms) = preSolution
		Debug|Any CPU = Debug|Any CPU
		Release|Any CPU = Release|Any CPU
	EndGlobalSection
	GlobalSection(ProjectConfigurationPlatforms) = postSolution
		{76648F15-A17A-4A91-B156-E8508F131579}.Debug|Any CPU.ActiveCfg = Debug|Any CPU
		{76648F15-A17A-4A91-B156-E8508F131579}.Debug|Any CPU.Build.0 = Debug|Any CPU
		{76648F15-A17A-4A91-B156-E8508F131579}.Release|Any CPU.ActiveCfg = Release|Any CPU
		{76648F15-A17A-4A91-B156-E8508F131579}.Release|Any CPU.Build.0 = Release|Any CPU
		{59005EAD-68AC-4A59-882E-047F4498B8F0}.Debug|Any CPU.ActiveCfg = Debug|Any CPU
		{59005EAD-68AC-4A59-882E-047F4498B8F0}.Debug|Any CPU.Build.0 = Debug|Any CPU
		{59005EAD-68AC-4A59-882E-047F4498B8F0}.Release|Any CPU.ActiveCfg = Release|Any CPU
		{59005EAD-68AC-4A59-882E-047F4498B8F0}.Release|Any CPU.Build.0 = Release|Any CPU
		{114F0856-70E4-4EF2-A391-9A69437F76AD}.Debug|Any CPU.ActiveCfg = Debug|Any CPU
		{114F0856-70E4-4EF2-A391-9A69437F76AD}.Debug|Any CPU.Build.0 = Debug|Any CPU
		{114F0856-70E4-4EF2-A391-9A69437F76AD}.Release|Any CPU.ActiveCfg = Release|Any CPU
		{114F0856-70E4-4EF2-A391-9A69437F76AD}.Release|Any CPU.Build.0 = Release|Any CPU
		{C43B4916-7FAA-4CE9-8030-F5992795BC99}.Debug|Any CPU.ActiveCfg = Debug|Any CPU
		{C43B4916-7FAA-4CE9-8030-F5992795BC99}.Debug|Any CPU.Build.0 = Debug|Any CPU
		{C43B4916-7FAA-4CE9-8030-F5992795BC99}.Release|Any CPU.ActiveCfg = Release|Any CPU
		{C43B4916-7FAA-4CE9-8030-F5992795BC99}.Release|Any CPU.Build.0 = Release|Any CPU
		{5A1BCE20-8596-43A6-8D83-59AB5C9FE241}.Debug|Any CPU.ActiveCfg = Debug|Any CPU
		{5A1BCE20-8596-43A6-8D83-59AB5C9FE241}.Debug|Any CPU.Build.0 = Debug|Any CPU
		{5A1BCE20-8596-43A6-8D83-59AB5C9FE241}.Release|Any CPU.ActiveCfg = Release|Any CPU
		{5A1BCE20-8596-43A6-8D83-59AB5C9FE241}.Release|Any CPU.Build.0 = Release|Any CPU
		{BC7E5E75-7DC7-4859-AAFA-C603D009AF42}.Debug|Any CPU.ActiveCfg = Debug|Any CPU
		{BC7E5E75-7DC7-4859-AAFA-C603D009AF42}.Debug|Any CPU.Build.0 = Debug|Any CPU
		{BC7E5E75-7DC7-4859-AAFA-C603D009AF42}.Release|Any CPU.ActiveCfg = Release|Any CPU
		{BC7E5E75-7DC7-4859-AAFA-C603D009AF42}.Release|Any CPU.Build.0 = Release|Any CPU
		{E3AEC5DD-7FF8-4FB5-977A-9AC65254C440}.Debug|Any CPU.ActiveCfg = Debug|Any CPU
		{E3AEC5DD-7FF8-4FB5-977A-9AC65254C440}.Debug|Any CPU.Build.0 = Debug|Any CPU
		{E3AEC5DD-7FF8-4FB5-977A-9AC65254C440}.Release|Any CPU.ActiveCfg = Release|Any CPU
		{E3AEC5DD-7FF8-4FB5-977A-9AC65254C440}.Release|Any CPU.Build.0 = Release|Any CPU
	EndGlobalSection
	GlobalSection(SolutionProperties) = preSolution
		HideSolutionNode = FALSE
	EndGlobalSection
	GlobalSection(ExtensibilityGlobals) = postSolution
		SolutionGuid = {F886047F-EB80-418D-A2E9-9D9FA3821BC7}
	EndGlobalSection
EndGlobal
